
Microsoft Visual Studio Solution File, Format Version 12.00
# Visual Studio Version 17
VisualStudioVersion = 17.3.32901.215
MinimumVisualStudioVersion = 10.0.40219.1
Project("{FAE04EC0-301F-11D3-BF4B-00C04F79EFBC}") = "Midterm", "Midterm\Midterm.csproj", "{DE3FEB28-8948-4E31-97AC-120613EEF04F}"
EndProject
Global
	GlobalSection(SolutionConfigurationPlatforms) = preSolution
		Debug|Any CPU = Debug|Any CPU
		Release|Any CPU = Release|Any CPU
	EndGlobalSection
	GlobalSection(ProjectConfigurationPlatforms) = postSolution
		{DE3FEB28-8948-4E31-97AC-120613EEF04F}.Debug|Any CPU.ActiveCfg = Debug|Any CPU
		{DE3FEB28-8948-4E31-97AC-120613EEF04F}.Debug|Any CPU.Build.0 = Debug|Any CPU
		{DE3FEB28-8948-4E31-97AC-120613EEF04F}.Release|Any CPU.ActiveCfg = Release|Any CPU
		{DE3FEB28-8948-4E31-97AC-120613EEF04F}.Release|Any CPU.Build.0 = Release|Any CPU
	EndGlobalSection
	GlobalSection(SolutionProperties) = preSolution
		HideSolutionNode = FALSE
	EndGlobalSection
	GlobalSection(ExtensibilityGlobals) = postSolution
		SolutionGuid = {8DE11C21-5852-4F51-9BDC-762C1D2B6906}
	EndGlobalSection
EndGlobal
